// !$*UTF8*$!
{
	archiveVersion = 1;
	classes = {
	};
	objectVersion = 46;
	objects = {

/* Begin PBXBuildFile section */
		7014C7071DEC7D1200909B3D /* AppDelegate.swift in Sources */ = {isa = PBXBuildFile; fileRef = 7014C7061DEC7D1200909B3D /* AppDelegate.swift */; };
		7014C7091DEC7D1200909B3D /* ViewController.swift in Sources */ = {isa = PBXBuildFile; fileRef = 7014C7081DEC7D1200909B3D /* ViewController.swift */; };
		7014C70C1DEC7D1300909B3D /* Main.storyboard in Resources */ = {isa = PBXBuildFile; fileRef = 7014C70A1DEC7D1300909B3D /* Main.storyboard */; };
		7014C70E1DEC7D1300909B3D /* Assets.xcassets in Resources */ = {isa = PBXBuildFile; fileRef = 7014C70D1DEC7D1300909B3D /* Assets.xcassets */; };
		7014C7111DEC7D1300909B3D /* LaunchScreen.storyboard in Resources */ = {isa = PBXBuildFile; fileRef = 7014C70F1DEC7D1300909B3D /* LaunchScreen.storyboard */; };
		7014C7361DEC848700909B3D /* frame_0_delay-0.1s.gif in Resources */ = {isa = PBXBuildFile; fileRef = 7014C7301DEC848700909B3D /* frame_0_delay-0.1s.gif */; };
		7014C7371DEC848700909B3D /* frame_1_delay-0.1s.gif in Resources */ = {isa = PBXBuildFile; fileRef = 7014C7311DEC848700909B3D /* frame_1_delay-0.1s.gif */; };
		7014C7381DEC848700909B3D /* frame_2_delay-0.1s.gif in Resources */ = {isa = PBXBuildFile; fileRef = 7014C7321DEC848700909B3D /* frame_2_delay-0.1s.gif */; };
		7014C7391DEC848700909B3D /* frame_3_delay-0.1s.gif in Resources */ = {isa = PBXBuildFile; fileRef = 7014C7331DEC848700909B3D /* frame_3_delay-0.1s.gif */; };
		7014C73A1DEC848700909B3D /* frame_4_delay-0.1s.gif in Resources */ = {isa = PBXBuildFile; fileRef = 7014C7341DEC848700909B3D /* frame_4_delay-0.1s.gif */; };
		7014C73B1DEC848700909B3D /* frame_5_delay-0.1s.gif in Resources */ = {isa = PBXBuildFile; fileRef = 7014C7351DEC848700909B3D /* frame_5_delay-0.1s.gif */; };
/* End PBXBuildFile section */

/* Begin PBXFileReference section */
		7014C7031DEC7D1200909B3D /* Animations.app */ = {isa = PBXFileReference; explicitFileType = wrapper.application; includeInIndex = 0; path = Animations.app; sourceTree = BUILT_PRODUCTS_DIR; };
		7014C7061DEC7D1200909B3D /* AppDelegate.swift */ = {isa = PBXFileReference; lastKnownFileType = sourcecode.swift; path = AppDelegate.swift; sourceTree = "<group>"; };
		7014C7081DEC7D1200909B3D /* ViewController.swift */ = {isa = PBXFileReference; lastKnownFileType = sourcecode.swift; path = ViewController.swift; sourceTree = "<group>"; };
		7014C70B1DEC7D1300909B3D /* Base */ = {isa = PBXFileReference; lastKnownFileType = file.storyboard; name = Base; path = Base.lproj/Main.storyboard; sourceTree = "<group>"; };
		7014C70D1DEC7D1300909B3D /* Assets.xcassets */ = {isa = PBXFileReference; lastKnownFileType = folder.assetcatalog; path = Assets.xcassets; sourceTree = "<group>"; };
		7014C7101DEC7D1300909B3D /* Base */ = {isa = PBXFileReference; lastKnownFileType = file.storyboard; name = Base; path = Base.lproj/LaunchScreen.storyboard; sourceTree = "<group>"; };
		7014C7121DEC7D1300909B3D /* Info.plist */ = {isa = PBXFileReference; lastKnownFileType = text.plist.xml; path = Info.plist; sourceTree = "<group>"; };
		7014C7301DEC848700909B3D /* frame_0_delay-0.1s.gif */ = {isa = PBXFileReference; lastKnownFileType = image.gif; name = "frame_0_delay-0.1s.gif"; path = "../../../../../../../../Downloads/b45d2bcf87-gif-im/frame_0_delay-0.1s.gif"; sourceTree = "<group>"; };
		7014C7311DEC848700909B3D /* frame_1_delay-0.1s.gif */ = {isa = PBXFileReference; lastKnownFileType = image.gif; name = "frame_1_delay-0.1s.gif"; path = "../../../../../../../../Downloads/b45d2bcf87-gif-im/frame_1_delay-0.1s.gif"; sourceTree = "<group>"; };
		7014C7321DEC848700909B3D /* frame_2_delay-0.1s.gif */ = {isa = PBXFileReference; lastKnownFileType = image.gif; name = "frame_2_delay-0.1s.gif"; path = "../../../../../../../../Downloads/b45d2bcf87-gif-im/frame_2_delay-0.1s.gif"; sourceTree = "<group>"; };
		7014C7331DEC848700909B3D /* frame_3_delay-0.1s.gif */ = {isa = PBXFileReference; lastKnownFileType = image.gif; name = "frame_3_delay-0.1s.gif"; path = "../../../../../../../../Downloads/b45d2bcf87-gif-im/frame_3_delay-0.1s.gif"; sourceTree = "<group>"; };
		7014C7341DEC848700909B3D /* frame_4_delay-0.1s.gif */ = {isa = PBXFileReference; lastKnownFileType = image.gif; name = "frame_4_delay-0.1s.gif"; path = "../../../../../../../../Downloads/b45d2bcf87-gif-im/frame_4_delay-0.1s.gif"; sourceTree = "<group>"; };
		7014C7351DEC848700909B3D /* frame_5_delay-0.1s.gif */ = {isa = PBXFileReference; lastKnownFileType = image.gif; name = "frame_5_delay-0.1s.gif"; path = "../../../../../../../../Downloads/b45d2bcf87-gif-im/frame_5_delay-0.1s.gif"; sourceTree = "<group>"; };
/* End PBXFileReference section */

/* Begin PBXFrameworksBuildPhase section */
		7014C7001DEC7D1200909B3D /* Frameworks */ = {
			isa = PBXFrameworksBuildPhase;
			buildActionMask = 2147483647;
			files = (
			);
			runOnlyForDeploymentPostprocessing = 0;
		};
/* End PBXFrameworksBuildPhase section */

/* Begin PBXGroup section */
		7014C6FA1DEC7D1200909B3D = {
			isa = PBXGroup;
			children = (
				7014C7051DEC7D1200909B3D /* Animations */,
				7014C7041DEC7D1200909B3D /* Products */,
			);
			sourceTree = "<group>";
		};
		7014C7041DEC7D1200909B3D /* Products */ = {
			isa = PBXGroup;
			children = (
				7014C7031DEC7D1200909B3D /* Animations.app */,
			);
			name = Products;
			sourceTree = "<group>";
		};
		7014C7051DEC7D1200909B3D /* Animations */ = {
			isa = PBXGroup;
			children = (
				7014C7061DEC7D1200909B3D /* AppDelegate.swift */,
				7014C7081DEC7D1200909B3D /* ViewController.swift */,
				7014C70A1DEC7D1300909B3D /* Main.storyboard */,
				7014C70D1DEC7D1300909B3D /* Assets.xcassets */,
				7014C70F1DEC7D1300909B3D /* LaunchScreen.storyboard */,
				7014C7121DEC7D1300909B3D /* Info.plist */,
				7014C7301DEC848700909B3D /* frame_0_delay-0.1s.gif */,
				7014C7311DEC848700909B3D /* frame_1_delay-0.1s.gif */,
				7014C7321DEC848700909B3D /* frame_2_delay-0.1s.gif */,
				7014C7331DEC848700909B3D /* frame_3_delay-0.1s.gif */,
				7014C7341DEC848700909B3D /* frame_4_delay-0.1s.gif */,
				7014C7351DEC848700909B3D /* frame_5_delay-0.1s.gif */,
			);
			path = Animations;
			sourceTree = "<group>";
		};
/* End PBXGroup section */

/* Begin PBXNativeTarget section */
		7014C7021DEC7D1200909B3D /* Animations */ = {
			isa = PBXNativeTarget;
			buildConfigurationList = 7014C7151DEC7D1300909B3D /* Build configuration list for PBXNativeTarget "Animations" */;
			buildPhases = (
				7014C6FF1DEC7D1200909B3D /* Sources */,
				7014C7001DEC7D1200909B3D /* Frameworks */,
				7014C7011DEC7D1200909B3D /* Resources */,
			);
			buildRules = (
			);
			dependencies = (
			);
			name = Animations;
			productName = Animations;
			productReference = 7014C7031DEC7D1200909B3D /* Animations.app */;
			productType = "com.apple.product-type.application";
		};
/* End PBXNativeTarget section */

/* Begin PBXProject section */
		7014C6FB1DEC7D1200909B3D /* Project object */ = {
			isa = PBXProject;
			attributes = {
				LastSwiftUpdateCheck = 0810;
				LastUpgradeCheck = 0810;
				ORGANIZATIONNAME = "Doug Wells";
				TargetAttributes = {
					7014C7021DEC7D1200909B3D = {
						CreatedOnToolsVersion = 8.1;
						DevelopmentTeam = 2S9F6RQJH8;
						ProvisioningStyle = Automatic;
					};
				};
			};
			buildConfigurationList = 7014C6FE1DEC7D1200909B3D /* Build configuration list for PBXProject "Animations" */;
			compatibilityVersion = "Xcode 3.2";
			developmentRegion = English;
			hasScannedForEncodings = 0;
			knownRegions = (
				en,
				Base,
			);
			mainGroup = 7014C6FA1DEC7D1200909B3D;
			productRefGroup = 7014C7041DEC7D1200909B3D /* Products */;
			projectDirPath = "";
			projectRoot = "";
			targets = (
				7014C7021DEC7D1200909B3D /* Animations */,
			);
		};
/* End PBXProject section */

/* Begin PBXResourcesBuildPhase section */
		7014C7011DEC7D1200909B3D /* Resources */ = {
			isa = PBXResourcesBuildPhase;
			buildActionMask = 2147483647;
			files = (
				7014C7111DEC7D1300909B3D /* LaunchScreen.storyboard in Resources */,
				7014C7361DEC848700909B3D /* frame_0_delay-0.1s.gif in Resources */,
				7014C7371DEC848700909B3D /* frame_1_delay-0.1s.gif in Resources */,
				7014C7381DEC848700909B3D /* frame_2_delay-0.1s.gif in Resources */,
				7014C70E1DEC7D1300909B3D /* Assets.xcassets in Resources */,
				7014C73A1DEC848700909B3D /* frame_4_delay-0.1s.gif in Resources */,
				7014C73B1DEC848700909B3D /* frame_5_delay-0.1s.gif in Resources */,
				7014C70C1DEC7D1300909B3D /* Main.storyboard in Resources */,
				7014C7391DEC848700909B3D /* frame_3_delay-0.1s.gif in Resources */,
			);
			runOnlyForDeploymentPostprocessing = 0;
		};
/* End PBXResourcesBuildPhase section */

/* Begin PBXSourcesBuildPhase section */
		7014C6FF1DEC7D1200909B3D /* Sources */ = {
			isa = PBXSourcesBuildPhase;
			buildActionMask = 2147483647;
			files = (
				7014C7091DEC7D1200909B3D /* ViewController.swift in Sources */,
				7014C7071DEC7D1200909B3D /* AppDelegate.swift in Sources */,
			);
			runOnlyForDeploymentPostprocessing = 0;
		};
/* End PBXSourcesBuildPhase section */

/* Begin PBXVariantGroup section */
		7014C70A1DEC7D1300909B3D /* Main.storyboard */ = {
			isa = PBXVariantGroup;
			children = (
				7014C70B1DEC7D1300909B3D /* Base */,
			);
			name = Main.storyboard;
			sourceTree = "<group>";
		};
		7014C70F1DEC7D1300909B3D /* LaunchScreen.storyboard */ = {
			isa = PBXVariantGroup;
			children = (
				7014C7101DEC7D1300909B3D /* Base */,
			);
			name = LaunchScreen.storyboard;
			sourceTree = "<group>";
		};
/* End PBXVariantGroup section */

/* Begin XCBuildConfiguration section */
		7014C7131DEC7D1300909B3D /* Debug */ = {
			isa = XCBuildConfiguration;
			buildSettings = {
				ALWAYS_SEARCH_USER_PATHS = NO;
				CLANG_ANALYZER_NONNULL = YES;
				CLANG_CXX_LANGUAGE_STANDARD = "gnu++0x";
				CLANG_CXX_LIBRARY = "libc++";
				CLANG_ENABLE_MODULES = YES;
				CLANG_ENABLE_OBJC_ARC = YES;
				CLANG_WARN_BOOL_CONVERSION = YES;
				CLANG_WARN_CONSTANT_CONVERSION = YES;
				CLANG_WARN_DIRECT_OBJC_ISA_USAGE = YES_ERROR;
				CLANG_WARN_DOCUMENTATION_COMMENTS = YES;
				CLANG_WARN_EMPTY_BODY = YES;
				CLANG_WARN_ENUM_CONVERSION = YES;
				CLANG_WARN_INFINITE_RECURSION = YES;
				CLANG_WARN_INT_CONVERSION = YES;
				CLANG_WARN_OBJC_ROOT_CLASS = YES_ERROR;
				CLANG_WARN_SUSPICIOUS_MOVES = YES;
				CLANG_WARN_UNREACHABLE_CODE = YES;
				CLANG_WARN__DUPLICATE_METHOD_MATCH = YES;
				"CODE_SIGN_IDENTITY[sdk=iphoneos*]" = "iPhone Developer";
				COPY_PHASE_STRIP = NO;
				DEBUG_INFORMATION_FORMAT = dwarf;
				ENABLE_STRICT_OBJC_MSGSEND = YES;
				ENABLE_TESTABILITY = YES;
				GCC_C_LANGUAGE_STANDARD = gnu99;
				GCC_DYNAMIC_NO_PIC = NO;
				GCC_NO_COMMON_BLOCKS = YES;
				GCC_OPTIMIZATION_LEVEL = 0;
				GCC_PREPROCESSOR_DEFINITIONS = (
					"DEBUG=1",
					"$(inherited)",
				);
				GCC_WARN_64_TO_32_BIT_CONVERSION = YES;
				GCC_WARN_ABOUT_RETURN_TYPE = YES_ERROR;
				GCC_WARN_UNDECLARED_SELECTOR = YES;
				GCC_WARN_UNINITIALIZED_AUTOS = YES_AGGRESSIVE;
				GCC_WARN_UNUSED_FUNCTION = YES;
				GCC_WARN_UNUSED_VARIABLE = YES;
				IPHONEOS_DEPLOYMENT_TARGET = 10.1;
				MTL_ENABLE_DEBUG_INFO = YES;
				ONLY_ACTIVE_ARCH = YES;
				SDKROOT = iphoneos;
				SWIFT_ACTIVE_COMPILATION_CONDITIONS = DEBUG;
				SWIFT_OPTIMIZATION_LEVEL = "-Onone";
			};
			name = Debug;
		};
		7014C7141DEC7D1300909B3D /* Release */ = {
			isa = XCBuildConfiguration;
			buildSettings = {
				ALWAYS_SEARCH_USER_PATHS = NO;
				CLANG_ANALYZER_NONNULL = YES;
				CLANG_CXX_LANGUAGE_STANDARD = "gnu++0x";
				CLANG_CXX_LIBRARY = "libc++";
				CLANG_ENABLE_MODULES = YES;
				CLANG_ENABLE_OBJC_ARC = YES;
				CLANG_WARN_BOOL_CONVERSION = YES;
				CLANG_WARN_CONSTANT_CONVERSION = YES;
				CLANG_WARN_DIRECT_OBJC_ISA_USAGE = YES_ERROR;
				CLANG_WARN_DOCUMENTATION_COMMENTS = YES;
				CLANG_WARN_EMPTY_BODY = YES;
				CLANG_WARN_ENUM_CONVERSION = YES;
				CLANG_WARN_INFINITE_RECURSION = YES;
				CLANG_WARN_INT_CONVERSION = YES;
				CLANG_WARN_OBJC_ROOT_CLASS = YES_ERROR;
				CLANG_WARN_SUSPICIOUS_MOVES = YES;
				CLANG_WARN_UNREACHABLE_CODE = YES;
				CLANG_WARN__DUPLICATE_METHOD_MATCH = YES;
				"CODE_SIGN_IDENTITY[sdk=iphoneos*]" = "iPhone Developer";
				COPY_PHASE_STRIP = NO;
				DEBUG_INFORMATION_FORMAT = "dwarf-with-dsym";
				ENABLE_NS_ASSERTIONS = NO;
				ENABLE_STRICT_OBJC_MSGSEND = YES;
				GCC_C_LANGUAGE_STANDARD = gnu99;
				GCC_NO_COMMON_BLOCKS = YES;
				GCC_WARN_64_TO_32_BIT_CONVERSION = YES;
				GCC_WARN_ABOUT_RETURN_TYPE = YES_ERROR;
				GCC_WARN_UNDECLARED_SELECTOR = YES;
				GCC_WARN_UNINITIALIZED_AUTOS = YES_AGGRESSIVE;
				GCC_WARN_UNUSED_FUNCTION = YES;
				GCC_WARN_UNUSED_VARIABLE = YES;
				IPHONEOS_DEPLOYMENT_TARGET = 10.1;
				MTL_ENABLE_DEBUG_INFO = NO;
				SDKROOT = iphoneos;
				SWIFT_OPTIMIZATION_LEVEL = "-Owholemodule";
				VALIDATE_PRODUCT = YES;
			};
			name = Release;
		};
		7014C7161DEC7D1300909B3D /* Debug */ = {
			isa = XCBuildConfiguration;
			buildSettings = {
				ASSETCATALOG_COMPILER_APPICON_NAME = AppIcon;
				DEVELOPMENT_TEAM = 2S9F6RQJH8;
				INFOPLIST_FILE = Animations/Info.plist;
				LD_RUNPATH_SEARCH_PATHS = "$(inherited) @executable_path/Frameworks";
				PRODUCT_BUNDLE_IDENTIFIER = com.pcLabs.Animations;
				PRODUCT_NAME = "$(TARGET_NAME)";
				SWIFT_VERSION = 3.0;
			};
			name = Debug;
		};
		7014C7171DEC7D1300909B3D /* Release */ = {
			isa = XCBuildConfiguration;
			buildSettings = {
				ASSETCATALOG_COMPILER_APPICON_NAME = AppIcon;
				DEVELOPMENT_TEAM = 2S9F6RQJH8;
				INFOPLIST_FILE = Animations/Info.plist;
				LD_RUNPATH_SEARCH_PATHS = "$(inherited) @executable_path/Frameworks";
				PRODUCT_BUNDLE_IDENTIFIER = com.pcLabs.Animations;
				PRODUCT_NAME = "$(TARGET_NAME)";
				SWIFT_VERSION = 3.0;
			};
			name = Release;
		};
/* End XCBuildConfiguration section */

/* Begin XCConfigurationList section */
		7014C6FE1DEC7D1200909B3D /* Build configuration list for PBXProject "Animations" */ = {
			isa = XCConfigurationList;
			buildConfigurations = (
				7014C7131DEC7D1300909B3D /* Debug */,
				7014C7141DEC7D1300909B3D /* Release */,
			);
			defaultConfigurationIsVisible = 0;
			defaultConfigurationName = Release;
		};
		7014C7151DEC7D1300909B3D /* Build configuration list for PBXNativeTarget "Animations" */ = {
			isa = XCConfigurationList;
			buildConfigurations = (
				7014C7161DEC7D1300909B3D /* Debug */,
				7014C7171DEC7D1300909B3D /* Release */,
			);
			defaultConfigurationIsVisible = 0;
		};
/* End XCConfigurationList section */
	};
	rootObject = 7014C6FB1DEC7D1200909B3D /* Project object */;
}
