// !$*UTF8*$!
{
	archiveVersion = 1;
	classes = {
	};
	objectVersion = 46;
	objects = {

/* Begin PBXBuildFile section */
		703112A21E100DD700E4EC4E /* AppDelegate.swift in Sources */ = {isa = PBXBuildFile; fileRef = 703112A11E100DD700E4EC4E /* AppDelegate.swift */; };
		703112A41E100DD700E4EC4E /* ViewController.swift in Sources */ = {isa = PBXBuildFile; fileRef = 703112A31E100DD700E4EC4E /* ViewController.swift */; };
		703112A71E100DD700E4EC4E /* Main.storyboard in Resources */ = {isa = PBXBuildFile; fileRef = 703112A51E100DD700E4EC4E /* Main.storyboard */; };
		703112A91E100DD700E4EC4E /* Assets.xcassets in Resources */ = {isa = PBXBuildFile; fileRef = 703112A81E100DD700E4EC4E /* Assets.xcassets */; };
		703112AC1E100DD700E4EC4E /* LaunchScreen.storyboard in Resources */ = {isa = PBXBuildFile; fileRef = 703112AA1E100DD700E4EC4E /* LaunchScreen.storyboard */; };
/* End PBXBuildFile section */

/* Begin PBXFileReference section */
		7031129E1E100DD700E4EC4E /* downloadFromWeb.app */ = {isa = PBXFileReference; explicitFileType = wrapper.application; includeInIndex = 0; path = downloadFromWeb.app; sourceTree = BUILT_PRODUCTS_DIR; };
		703112A11E100DD700E4EC4E /* AppDelegate.swift */ = {isa = PBXFileReference; lastKnownFileType = sourcecode.swift; path = AppDelegate.swift; sourceTree = "<group>"; };
		703112A31E100DD700E4EC4E /* ViewController.swift */ = {isa = PBXFileReference; lastKnownFileType = sourcecode.swift; path = ViewController.swift; sourceTree = "<group>"; };
		703112A61E100DD700E4EC4E /* Base */ = {isa = PBXFileReference; lastKnownFileType = file.storyboard; name = Base; path = Base.lproj/Main.storyboard; sourceTree = "<group>"; };
		703112A81E100DD700E4EC4E /* Assets.xcassets */ = {isa = PBXFileReference; lastKnownFileType = folder.assetcatalog; path = Assets.xcassets; sourceTree = "<group>"; };
		703112AB1E100DD700E4EC4E /* Base */ = {isa = PBXFileReference; lastKnownFileType = file.storyboard; name = Base; path = Base.lproj/LaunchScreen.storyboard; sourceTree = "<group>"; };
		703112AD1E100DD700E4EC4E /* Info.plist */ = {isa = PBXFileReference; lastKnownFileType = text.plist.xml; path = Info.plist; sourceTree = "<group>"; };
/* End PBXFileReference section */

/* Begin PBXFrameworksBuildPhase section */
		7031129B1E100DD700E4EC4E /* Frameworks */ = {
			isa = PBXFrameworksBuildPhase;
			buildActionMask = 2147483647;
			files = (
			);
			runOnlyForDeploymentPostprocessing = 0;
		};
/* End PBXFrameworksBuildPhase section */

/* Begin PBXGroup section */
		703112951E100DD700E4EC4E = {
			isa = PBXGroup;
			children = (
				703112A01E100DD700E4EC4E /* downloadFromWeb */,
				7031129F1E100DD700E4EC4E /* Products */,
			);
			sourceTree = "<group>";
		};
		7031129F1E100DD700E4EC4E /* Products */ = {
			isa = PBXGroup;
			children = (
				7031129E1E100DD700E4EC4E /* downloadFromWeb.app */,
			);
			name = Products;
			sourceTree = "<group>";
		};
		703112A01E100DD700E4EC4E /* downloadFromWeb */ = {
			isa = PBXGroup;
			children = (
				703112A11E100DD700E4EC4E /* AppDelegate.swift */,
				703112A31E100DD700E4EC4E /* ViewController.swift */,
				703112A51E100DD700E4EC4E /* Main.storyboard */,
				703112A81E100DD700E4EC4E /* Assets.xcassets */,
				703112AA1E100DD700E4EC4E /* LaunchScreen.storyboard */,
				703112AD1E100DD700E4EC4E /* Info.plist */,
			);
			path = downloadFromWeb;
			sourceTree = "<group>";
		};
/* End PBXGroup section */

/* Begin PBXNativeTarget section */
		7031129D1E100DD700E4EC4E /* downloadFromWeb */ = {
			isa = PBXNativeTarget;
			buildConfigurationList = 703112B01E100DD700E4EC4E /* Build configuration list for PBXNativeTarget "downloadFromWeb" */;
			buildPhases = (
				7031129A1E100DD700E4EC4E /* Sources */,
				7031129B1E100DD700E4EC4E /* Frameworks */,
				7031129C1E100DD700E4EC4E /* Resources */,
			);
			buildRules = (
			);
			dependencies = (
			);
			name = downloadFromWeb;
			productName = downloadFromWeb;
			productReference = 7031129E1E100DD700E4EC4E /* downloadFromWeb.app */;
			productType = "com.apple.product-type.application";
		};
/* End PBXNativeTarget section */

/* Begin PBXProject section */
		703112961E100DD700E4EC4E /* Project object */ = {
			isa = PBXProject;
			attributes = {
				LastSwiftUpdateCheck = 0810;
				LastUpgradeCheck = 0810;
				ORGANIZATIONNAME = "Doug Wells";
				TargetAttributes = {
					7031129D1E100DD700E4EC4E = {
						CreatedOnToolsVersion = 8.1;
						DevelopmentTeam = 2S9F6RQJH8;
						ProvisioningStyle = Automatic;
					};
				};
			};
			buildConfigurationList = 703112991E100DD700E4EC4E /* Build configuration list for PBXProject "downloadFromWeb" */;
			compatibilityVersion = "Xcode 3.2";
			developmentRegion = English;
			hasScannedForEncodings = 0;
			knownRegions = (
				en,
				Base,
			);
			mainGroup = 703112951E100DD700E4EC4E;
			productRefGroup = 7031129F1E100DD700E4EC4E /* Products */;
			projectDirPath = "";
			projectRoot = "";
			targets = (
				7031129D1E100DD700E4EC4E /* downloadFromWeb */,
			);
		};
/* End PBXProject section */

/* Begin PBXResourcesBuildPhase section */
		7031129C1E100DD700E4EC4E /* Resources */ = {
			isa = PBXResourcesBuildPhase;
			buildActionMask = 2147483647;
			files = (
				703112AC1E100DD700E4EC4E /* LaunchScreen.storyboard in Resources */,
				703112A91E100DD700E4EC4E /* Assets.xcassets in Resources */,
				703112A71E100DD700E4EC4E /* Main.storyboard in Resources */,
			);
			runOnlyForDeploymentPostprocessing = 0;
		};
/* End PBXResourcesBuildPhase section */

/* Begin PBXSourcesBuildPhase section */
		7031129A1E100DD700E4EC4E /* Sources */ = {
			isa = PBXSourcesBuildPhase;
			buildActionMask = 2147483647;
			files = (
				703112A41E100DD700E4EC4E /* ViewController.swift in Sources */,
				703112A21E100DD700E4EC4E /* AppDelegate.swift in Sources */,
			);
			runOnlyForDeploymentPostprocessing = 0;
		};
/* End PBXSourcesBuildPhase section */

/* Begin PBXVariantGroup section */
		703112A51E100DD700E4EC4E /* Main.storyboard */ = {
			isa = PBXVariantGroup;
			children = (
				703112A61E100DD700E4EC4E /* Base */,
			);
			name = Main.storyboard;
			sourceTree = "<group>";
		};
		703112AA1E100DD700E4EC4E /* LaunchScreen.storyboard */ = {
			isa = PBXVariantGroup;
			children = (
				703112AB1E100DD700E4EC4E /* Base */,
			);
			name = LaunchScreen.storyboard;
			sourceTree = "<group>";
		};
/* End PBXVariantGroup section */

/* Begin XCBuildConfiguration section */
		703112AE1E100DD700E4EC4E /* Debug */ = {
			isa = XCBuildConfiguration;
			buildSettings = {
				ALWAYS_SEARCH_USER_PATHS = NO;
				CLANG_ANALYZER_NONNULL = YES;
				CLANG_CXX_LANGUAGE_STANDARD = "gnu++0x";
				CLANG_CXX_LIBRARY = "libc++";
				CLANG_ENABLE_MODULES = YES;
				CLANG_ENABLE_OBJC_ARC = YES;
				CLANG_WARN_BOOL_CONVERSION = YES;
				CLANG_WARN_CONSTANT_CONVERSION = YES;
				CLANG_WARN_DIRECT_OBJC_ISA_USAGE = YES_ERROR;
				CLANG_WARN_DOCUMENTATION_COMMENTS = YES;
				CLANG_WARN_EMPTY_BODY = YES;
				CLANG_WARN_ENUM_CONVERSION = YES;
				CLANG_WARN_INFINITE_RECURSION = YES;
				CLANG_WARN_INT_CONVERSION = YES;
				CLANG_WARN_OBJC_ROOT_CLASS = YES_ERROR;
				CLANG_WARN_SUSPICIOUS_MOVES = YES;
				CLANG_WARN_UNREACHABLE_CODE = YES;
				CLANG_WARN__DUPLICATE_METHOD_MATCH = YES;
				"CODE_SIGN_IDENTITY[sdk=iphoneos*]" = "iPhone Developer";
				COPY_PHASE_STRIP = NO;
				DEBUG_INFORMATION_FORMAT = dwarf;
				ENABLE_STRICT_OBJC_MSGSEND = YES;
				ENABLE_TESTABILITY = YES;
				GCC_C_LANGUAGE_STANDARD = gnu99;
				GCC_DYNAMIC_NO_PIC = NO;
				GCC_NO_COMMON_BLOCKS = YES;
				GCC_OPTIMIZATION_LEVEL = 0;
				GCC_PREPROCESSOR_DEFINITIONS = (
					"DEBUG=1",
					"$(inherited)",
				);
				GCC_WARN_64_TO_32_BIT_CONVERSION = YES;
				GCC_WARN_ABOUT_RETURN_TYPE = YES_ERROR;
				GCC_WARN_UNDECLARED_SELECTOR = YES;
				GCC_WARN_UNINITIALIZED_AUTOS = YES_AGGRESSIVE;
				GCC_WARN_UNUSED_FUNCTION = YES;
				GCC_WARN_UNUSED_VARIABLE = YES;
				IPHONEOS_DEPLOYMENT_TARGET = 10.1;
				MTL_ENABLE_DEBUG_INFO = YES;
				ONLY_ACTIVE_ARCH = YES;
				SDKROOT = iphoneos;
				SWIFT_ACTIVE_COMPILATION_CONDITIONS = DEBUG;
				SWIFT_OPTIMIZATION_LEVEL = "-Onone";
			};
			name = Debug;
		};
		703112AF1E100DD700E4EC4E /* Release */ = {
			isa = XCBuildConfiguration;
			buildSettings = {
				ALWAYS_SEARCH_USER_PATHS = NO;
				CLANG_ANALYZER_NONNULL = YES;
				CLANG_CXX_LANGUAGE_STANDARD = "gnu++0x";
				CLANG_CXX_LIBRARY = "libc++";
				CLANG_ENABLE_MODULES = YES;
				CLANG_ENABLE_OBJC_ARC = YES;
				CLANG_WARN_BOOL_CONVERSION = YES;
				CLANG_WARN_CONSTANT_CONVERSION = YES;
				CLANG_WARN_DIRECT_OBJC_ISA_USAGE = YES_ERROR;
				CLANG_WARN_DOCUMENTATION_COMMENTS = YES;
				CLANG_WARN_EMPTY_BODY = YES;
				CLANG_WARN_ENUM_CONVERSION = YES;
				CLANG_WARN_INFINITE_RECURSION = YES;
				CLANG_WARN_INT_CONVERSION = YES;
				CLANG_WARN_OBJC_ROOT_CLASS = YES_ERROR;
				CLANG_WARN_SUSPICIOUS_MOVES = YES;
				CLANG_WARN_UNREACHABLE_CODE = YES;
				CLANG_WARN__DUPLICATE_METHOD_MATCH = YES;
				"CODE_SIGN_IDENTITY[sdk=iphoneos*]" = "iPhone Developer";
				COPY_PHASE_STRIP = NO;
				DEBUG_INFORMATION_FORMAT = "dwarf-with-dsym";
				ENABLE_NS_ASSERTIONS = NO;
				ENABLE_STRICT_OBJC_MSGSEND = YES;
				GCC_C_LANGUAGE_STANDARD = gnu99;
				GCC_NO_COMMON_BLOCKS = YES;
				GCC_WARN_64_TO_32_BIT_CONVERSION = YES;
				GCC_WARN_ABOUT_RETURN_TYPE = YES_ERROR;
				GCC_WARN_UNDECLARED_SELECTOR = YES;
				GCC_WARN_UNINITIALIZED_AUTOS = YES_AGGRESSIVE;
				GCC_WARN_UNUSED_FUNCTION = YES;
				GCC_WARN_UNUSED_VARIABLE = YES;
				IPHONEOS_DEPLOYMENT_TARGET = 10.1;
				MTL_ENABLE_DEBUG_INFO = NO;
				SDKROOT = iphoneos;
				SWIFT_OPTIMIZATION_LEVEL = "-Owholemodule";
				VALIDATE_PRODUCT = YES;
			};
			name = Release;
		};
		703112B11E100DD700E4EC4E /* Debug */ = {
			isa = XCBuildConfiguration;
			buildSettings = {
				ASSETCATALOG_COMPILER_APPICON_NAME = AppIcon;
				DEVELOPMENT_TEAM = 2S9F6RQJH8;
				INFOPLIST_FILE = downloadFromWeb/Info.plist;
				LD_RUNPATH_SEARCH_PATHS = "$(inherited) @executable_path/Frameworks";
				PRODUCT_BUNDLE_IDENTIFIER = ParkCityLabs.downloadFromWeb;
				PRODUCT_NAME = "$(TARGET_NAME)";
				SWIFT_VERSION = 3.0;
			};
			name = Debug;
		};
		703112B21E100DD700E4EC4E /* Release */ = {
			isa = XCBuildConfiguration;
			buildSettings = {
				ASSETCATALOG_COMPILER_APPICON_NAME = AppIcon;
				DEVELOPMENT_TEAM = 2S9F6RQJH8;
				INFOPLIST_FILE = downloadFromWeb/Info.plist;
				LD_RUNPATH_SEARCH_PATHS = "$(inherited) @executable_path/Frameworks";
				PRODUCT_BUNDLE_IDENTIFIER = ParkCityLabs.downloadFromWeb;
				PRODUCT_NAME = "$(TARGET_NAME)";
				SWIFT_VERSION = 3.0;
			};
			name = Release;
		};
/* End XCBuildConfiguration section */

/* Begin XCConfigurationList section */
		703112991E100DD700E4EC4E /* Build configuration list for PBXProject "downloadFromWeb" */ = {
			isa = XCConfigurationList;
			buildConfigurations = (
				703112AE1E100DD700E4EC4E /* Debug */,
				703112AF1E100DD700E4EC4E /* Release */,
			);
			defaultConfigurationIsVisible = 0;
			defaultConfigurationName = Release;
		};
		703112B01E100DD700E4EC4E /* Build configuration list for PBXNativeTarget "downloadFromWeb" */ = {
			isa = XCConfigurationList;
			buildConfigurations = (
				703112B11E100DD700E4EC4E /* Debug */,
				703112B21E100DD700E4EC4E /* Release */,
			);
			defaultConfigurationIsVisible = 0;
		};
/* End XCConfigurationList section */
	};
	rootObject = 703112961E100DD700E4EC4E /* Project object */;
}
